// !$*UTF8*$!
{
	archiveVersion = 1;
	classes = {
	};
	objectVersion = 46;
	objects = {

/* Begin PBXBuildFile section */
		D989AEC413C1D6AA003607B2 /* UIKit.framework in Frameworks */ = {isa = PBXBuildFile; fileRef = D989AEC313C1D6AA003607B2 /* UIKit.framework */; };
		D989AEC613C1D6AA003607B2 /* Foundation.framework in Frameworks */ = {isa = PBXBuildFile; fileRef = D989AEC513C1D6AA003607B2 /* Foundation.framework */; };
		D989AEC813C1D6AA003607B2 /* CoreGraphics.framework in Frameworks */ = {isa = PBXBuildFile; fileRef = D989AEC713C1D6AA003607B2 /* CoreGraphics.framework */; };
		D989AECE13C1D6AA003607B2 /* InfoPlist.strings in Resources */ = {isa = PBXBuildFile; fileRef = D989AECC13C1D6AA003607B2 /* InfoPlist.strings */; };
		D989AED013C1D6AA003607B2 /* main.m in Sources */ = {isa = PBXBuildFile; fileRef = D989AECF13C1D6AA003607B2 /* main.m */; };
		D989AED413C1D6AB003607B2 /* secondscreenAppDelegate.m in Sources */ = {isa = PBXBuildFile; fileRef = D989AED313C1D6AB003607B2 /* secondscreenAppDelegate.m */; };
		D989AED613C1D6AB003607B2 /* secondscreenViewController.h in Resources */ = {isa = PBXBuildFile; fileRef = D989AED513C1D6AB003607B2 /* secondscreenViewController.h */; };
		D989AED813C1D6AB003607B2 /* secondscreenViewController.m in Sources */ = {isa = PBXBuildFile; fileRef = D989AED713C1D6AB003607B2 /* secondscreenViewController.m */; };
		D989AEDB13C1D6AB003607B2 /* secondscreenViewController.xib in Resources */ = {isa = PBXBuildFile; fileRef = D989AED913C1D6AB003607B2 /* secondscreenViewController.xib */; };
		D989AEE313C1D6AB003607B2 /* SenTestingKit.framework in Frameworks */ = {isa = PBXBuildFile; fileRef = D989AEE213C1D6AB003607B2 /* SenTestingKit.framework */; };
		D989AEE413C1D6AB003607B2 /* UIKit.framework in Frameworks */ = {isa = PBXBuildFile; fileRef = D989AEC313C1D6AA003607B2 /* UIKit.framework */; };
		D989AEE513C1D6AB003607B2 /* Foundation.framework in Frameworks */ = {isa = PBXBuildFile; fileRef = D989AEC513C1D6AA003607B2 /* Foundation.framework */; };
		D989AEE613C1D6AB003607B2 /* CoreGraphics.framework in Frameworks */ = {isa = PBXBuildFile; fileRef = D989AEC713C1D6AA003607B2 /* CoreGraphics.framework */; };
		D989AEEE13C1D6AB003607B2 /* InfoPlist.strings in Resources */ = {isa = PBXBuildFile; fileRef = D989AEEC13C1D6AB003607B2 /* InfoPlist.strings */; };
		D989AEF013C1D6AB003607B2 /* secondscreenTests.h in Resources */ = {isa = PBXBuildFile; fileRef = D989AEEF13C1D6AB003607B2 /* secondscreenTests.h */; };
		D989AEF213C1D6AB003607B2 /* secondscreenTests.m in Sources */ = {isa = PBXBuildFile; fileRef = D989AEF113C1D6AB003607B2 /* secondscreenTests.m */; };
		D9F6A12313C225C800932CF4 /* ASIAuthenticationDialog.m in Sources */ = {isa = PBXBuildFile; fileRef = D9F6A11013C225C800932CF4 /* ASIAuthenticationDialog.m */; settings = {COMPILER_FLAGS = "-fno-objc-arc"; }; };
		D9F6A12413C225C800932CF4 /* ASIDataCompressor.m in Sources */ = {isa = PBXBuildFile; fileRef = D9F6A11313C225C800932CF4 /* ASIDataCompressor.m */; settings = {COMPILER_FLAGS = "-fno-objc-arc"; }; };
		D9F6A12513C225C800932CF4 /* ASIDataDecompressor.m in Sources */ = {isa = PBXBuildFile; fileRef = D9F6A11513C225C800932CF4 /* ASIDataDecompressor.m */; settings = {COMPILER_FLAGS = "-fno-objc-arc"; }; };
		D9F6A12613C225C800932CF4 /* ASIDownloadCache.m in Sources */ = {isa = PBXBuildFile; fileRef = D9F6A11713C225C800932CF4 /* ASIDownloadCache.m */; settings = {COMPILER_FLAGS = "-fno-objc-arc"; }; };
		D9F6A12713C225C800932CF4 /* ASIFormDataRequest.m in Sources */ = {isa = PBXBuildFile; fileRef = D9F6A11913C225C800932CF4 /* ASIFormDataRequest.m */; settings = {COMPILER_FLAGS = "-fno-objc-arc"; }; };
		D9F6A12813C225C800932CF4 /* ASIHTTPRequest.m in Sources */ = {isa = PBXBuildFile; fileRef = D9F6A11B13C225C800932CF4 /* ASIHTTPRequest.m */; settings = {COMPILER_FLAGS = "-fno-objc-arc"; }; };
		D9F6A12913C225C800932CF4 /* ASIInputStream.m in Sources */ = {isa = PBXBuildFile; fileRef = D9F6A11F13C225C800932CF4 /* ASIInputStream.m */; settings = {COMPILER_FLAGS = "-fno-objc-arc"; }; };
		D9F6A12A13C225C800932CF4 /* ASINetworkQueue.m in Sources */ = {isa = PBXBuildFile; fileRef = D9F6A12113C225C800932CF4 /* ASINetworkQueue.m */; settings = {COMPILER_FLAGS = "-fno-objc-arc"; }; };
		D9F6A12D13C225D500932CF4 /* Reachability.m in Sources */ = {isa = PBXBuildFile; fileRef = D9F6A12C13C225D500932CF4 /* Reachability.m */; settings = {COMPILER_FLAGS = "-fno-objc-arc"; }; };
		D9F6A12F13C226CA00932CF4 /* CFNetwork.framework in Frameworks */ = {isa = PBXBuildFile; fileRef = D9F6A12E13C226CA00932CF4 /* CFNetwork.framework */; };
		D9F6A13113C226DB00932CF4 /* SystemConfiguration.framework in Frameworks */ = {isa = PBXBuildFile; fileRef = D9F6A13013C226DB00932CF4 /* SystemConfiguration.framework */; };
		D9F6A13313C226E400932CF4 /* MobileCoreServices.framework in Frameworks */ = {isa = PBXBuildFile; fileRef = D9F6A13213C226E400932CF4 /* MobileCoreServices.framework */; };
		D9F6A13513C226F000932CF4 /* libz.1.2.5.dylib in Frameworks */ = {isa = PBXBuildFile; fileRef = D9F6A13413C226F000932CF4 /* libz.1.2.5.dylib */; };
/* End PBXBuildFile section */

/* Begin PBXContainerItemProxy section */
		D989AEE713C1D6AB003607B2 /* PBXContainerItemProxy */ = {
			isa = PBXContainerItemProxy;
			containerPortal = D989AEB613C1D6AA003607B2 /* Project object */;
			proxyType = 1;
			remoteGlobalIDString = D989AEBE13C1D6AA003607B2;
			remoteInfo = secondscreen;
		};
/* End PBXContainerItemProxy section */

/* Begin PBXFileReference section */
		D907684A13C1F371001B2FAF /* secondscreen.entitlements */ = {isa = PBXFileReference; lastKnownFileType = text.xml; path = secondscreen.entitlements; sourceTree = "<group>"; };
		D989AEBF13C1D6AA003607B2 /* secondscreen.app */ = {isa = PBXFileReference; explicitFileType = wrapper.application; includeInIndex = 0; path = secondscreen.app; sourceTree = BUILT_PRODUCTS_DIR; };
		D989AEC313C1D6AA003607B2 /* UIKit.framework */ = {isa = PBXFileReference; lastKnownFileType = wrapper.framework; name = UIKit.framework; path = System/Library/Frameworks/UIKit.framework; sourceTree = SDKROOT; };
		D989AEC513C1D6AA003607B2 /* Foundation.framework */ = {isa = PBXFileReference; lastKnownFileType = wrapper.framework; name = Foundation.framework; path = System/Library/Frameworks/Foundation.framework; sourceTree = SDKROOT; };
		D989AEC713C1D6AA003607B2 /* CoreGraphics.framework */ = {isa = PBXFileReference; lastKnownFileType = wrapper.framework; name = CoreGraphics.framework; path = System/Library/Frameworks/CoreGraphics.framework; sourceTree = SDKROOT; };
		D989AECB13C1D6AA003607B2 /* secondscreen-Info.plist */ = {isa = PBXFileReference; lastKnownFileType = text.plist.xml; path = "secondscreen-Info.plist"; sourceTree = "<group>"; };
		D989AECD13C1D6AA003607B2 /* en */ = {isa = PBXFileReference; lastKnownFileType = text.plist.strings; name = en; path = en.lproj/InfoPlist.strings; sourceTree = "<group>"; };
		D989AECF13C1D6AA003607B2 /* main.m */ = {isa = PBXFileReference; lastKnownFileType = sourcecode.c.objc; path = main.m; sourceTree = "<group>"; };
		D989AED113C1D6AA003607B2 /* secondscreen-Prefix.pch */ = {isa = PBXFileReference; lastKnownFileType = sourcecode.c.h; path = "secondscreen-Prefix.pch"; sourceTree = "<group>"; };
		D989AED213C1D6AB003607B2 /* secondscreenAppDelegate.h */ = {isa = PBXFileReference; lastKnownFileType = sourcecode.c.h; path = secondscreenAppDelegate.h; sourceTree = "<group>"; };
		D989AED313C1D6AB003607B2 /* secondscreenAppDelegate.m */ = {isa = PBXFileReference; lastKnownFileType = sourcecode.c.objc; path = secondscreenAppDelegate.m; sourceTree = "<group>"; };
		D989AED513C1D6AB003607B2 /* secondscreenViewController.h */ = {isa = PBXFileReference; lastKnownFileType = sourcecode.c.h; path = secondscreenViewController.h; sourceTree = "<group>"; };
		D989AED713C1D6AB003607B2 /* secondscreenViewController.m */ = {isa = PBXFileReference; lastKnownFileType = sourcecode.c.objc; path = secondscreenViewController.m; sourceTree = "<group>"; };
		D989AEDA13C1D6AB003607B2 /* en */ = {isa = PBXFileReference; lastKnownFileType = file.xib; name = en; path = en.lproj/secondscreenViewController.xib; sourceTree = "<group>"; };
		D989AEE113C1D6AB003607B2 /* secondscreenTests.octest */ = {isa = PBXFileReference; explicitFileType = wrapper.cfbundle; includeInIndex = 0; path = secondscreenTests.octest; sourceTree = BUILT_PRODUCTS_DIR; };
		D989AEE213C1D6AB003607B2 /* SenTestingKit.framework */ = {isa = PBXFileReference; lastKnownFileType = wrapper.framework; name = SenTestingKit.framework; path = Library/Frameworks/SenTestingKit.framework; sourceTree = DEVELOPER_DIR; };
		D989AEEB13C1D6AB003607B2 /* secondscreenTests-Info.plist */ = {isa = PBXFileReference; lastKnownFileType = text.plist.xml; path = "secondscreenTests-Info.plist"; sourceTree = "<group>"; };
		D989AEED13C1D6AB003607B2 /* en */ = {isa = PBXFileReference; lastKnownFileType = text.plist.strings; name = en; path = en.lproj/InfoPlist.strings; sourceTree = "<group>"; };
		D989AEEF13C1D6AB003607B2 /* secondscreenTests.h */ = {isa = PBXFileReference; lastKnownFileType = sourcecode.c.h; path = secondscreenTests.h; sourceTree = "<group>"; };
		D989AEF113C1D6AB003607B2 /* secondscreenTests.m */ = {isa = PBXFileReference; lastKnownFileType = sourcecode.c.objc; path = secondscreenTests.m; sourceTree = "<group>"; };
		D9F6A10F13C225C800932CF4 /* ASIAuthenticationDialog.h */ = {isa = PBXFileReference; fileEncoding = 4; lastKnownFileType = sourcecode.c.h; name = ASIAuthenticationDialog.h; path = "asi-http-request/Classes/ASIAuthenticationDialog.h"; sourceTree = SOURCE_ROOT; };
		D9F6A11013C225C800932CF4 /* ASIAuthenticationDialog.m */ = {isa = PBXFileReference; fileEncoding = 4; lastKnownFileType = sourcecode.c.objc; name = ASIAuthenticationDialog.m; path = "asi-http-request/Classes/ASIAuthenticationDialog.m"; sourceTree = SOURCE_ROOT; };
		D9F6A11113C225C800932CF4 /* ASICacheDelegate.h */ = {isa = PBXFileReference; fileEncoding = 4; lastKnownFileType = sourcecode.c.h; name = ASICacheDelegate.h; path = "asi-http-request/Classes/ASICacheDelegate.h"; sourceTree = SOURCE_ROOT; };
		D9F6A11213C225C800932CF4 /* ASIDataCompressor.h */ = {isa = PBXFileReference; fileEncoding = 4; lastKnownFileType = sourcecode.c.h; name = ASIDataCompressor.h; path = "asi-http-request/Classes/ASIDataCompressor.h"; sourceTree = SOURCE_ROOT; };
		D9F6A11313C225C800932CF4 /* ASIDataCompressor.m */ = {isa = PBXFileReference; fileEncoding = 4; lastKnownFileType = sourcecode.c.objc; name = ASIDataCompressor.m; path = "asi-http-request/Classes/ASIDataCompressor.m"; sourceTree = SOURCE_ROOT; };
		D9F6A11413C225C800932CF4 /* ASIDataDecompressor.h */ = {isa = PBXFileReference; fileEncoding = 4; lastKnownFileType = sourcecode.c.h; name = ASIDataDecompressor.h; path = "asi-http-request/Classes/ASIDataDecompressor.h"; sourceTree = SOURCE_ROOT; };
		D9F6A11513C225C800932CF4 /* ASIDataDecompressor.m */ = {isa = PBXFileReference; fileEncoding = 4; lastKnownFileType = sourcecode.c.objc; name = ASIDataDecompressor.m; path = "asi-http-request/Classes/ASIDataDecompressor.m"; sourceTree = SOURCE_ROOT; };
		D9F6A11613C225C800932CF4 /* ASIDownloadCache.h */ = {isa = PBXFileReference; fileEncoding = 4; lastKnownFileType = sourcecode.c.h; name = ASIDownloadCache.h; path = "asi-http-request/Classes/ASIDownloadCache.h"; sourceTree = SOURCE_ROOT; };
		D9F6A11713C225C800932CF4 /* ASIDownloadCache.m */ = {isa = PBXFileReference; fileEncoding = 4; lastKnownFileType = sourcecode.c.objc; name = ASIDownloadCache.m; path = "asi-http-request/Classes/ASIDownloadCache.m"; sourceTree = SOURCE_ROOT; };
		D9F6A11813C225C800932CF4 /* ASIFormDataRequest.h */ = {isa = PBXFileReference; fileEncoding = 4; lastKnownFileType = sourcecode.c.h; name = ASIFormDataRequest.h; path = "asi-http-request/Classes/ASIFormDataRequest.h"; sourceTree = SOURCE_ROOT; };
		D9F6A11913C225C800932CF4 /* ASIFormDataRequest.m */ = {isa = PBXFileReference; fileEncoding = 4; lastKnownFileType = sourcecode.c.objc; name = ASIFormDataRequest.m; path = "asi-http-request/Classes/ASIFormDataRequest.m"; sourceTree = SOURCE_ROOT; };
		D9F6A11A13C225C800932CF4 /* ASIHTTPRequest.h */ = {isa = PBXFileReference; fileEncoding = 4; lastKnownFileType = sourcecode.c.h; name = ASIHTTPRequest.h; path = "asi-http-request/Classes/ASIHTTPRequest.h"; sourceTree = SOURCE_ROOT; };
		D9F6A11B13C225C800932CF4 /* ASIHTTPRequest.m */ = {isa = PBXFileReference; fileEncoding = 4; lastKnownFileType = sourcecode.c.objc; name = ASIHTTPRequest.m; path = "asi-http-request/Classes/ASIHTTPRequest.m"; sourceTree = SOURCE_ROOT; };
		D9F6A11C13C225C800932CF4 /* ASIHTTPRequestConfig.h */ = {isa = PBXFileReference; fileEncoding = 4; lastKnownFileType = sourcecode.c.h; name = ASIHTTPRequestConfig.h; path = "asi-http-request/Classes/ASIHTTPRequestConfig.h"; sourceTree = SOURCE_ROOT; };
		D9F6A11D13C225C800932CF4 /* ASIHTTPRequestDelegate.h */ = {isa = PBXFileReference; fileEncoding = 4; lastKnownFileType = sourcecode.c.h; name = ASIHTTPRequestDelegate.h; path = "asi-http-request/Classes/ASIHTTPRequestDelegate.h"; sourceTree = SOURCE_ROOT; };
		D9F6A11E13C225C800932CF4 /* ASIInputStream.h */ = {isa = PBXFileReference; fileEncoding = 4; lastKnownFileType = sourcecode.c.h; name = ASIInputStream.h; path = "asi-http-request/Classes/ASIInputStream.h"; sourceTree = SOURCE_ROOT; };
		D9F6A11F13C225C800932CF4 /* ASIInputStream.m */ = {isa = PBXFileReference; fileEncoding = 4; lastKnownFileType = sourcecode.c.objc; name = ASIInputStream.m; path = "asi-http-request/Classes/ASIInputStream.m"; sourceTree = SOURCE_ROOT; };
		D9F6A12013C225C800932CF4 /* ASINetworkQueue.h */ = {isa = PBXFileReference; fileEncoding = 4; lastKnownFileType = sourcecode.c.h; name = ASINetworkQueue.h; path = "asi-http-request/Classes/ASINetworkQueue.h"; sourceTree = SOURCE_ROOT; };
		D9F6A12113C225C800932CF4 /* ASINetworkQueue.m */ = {isa = PBXFileReference; fileEncoding = 4; lastKnownFileType = sourcecode.c.objc; name = ASINetworkQueue.m; path = "asi-http-request/Classes/ASINetworkQueue.m"; sourceTree = SOURCE_ROOT; };
		D9F6A12213C225C800932CF4 /* ASIProgressDelegate.h */ = {isa = PBXFileReference; fileEncoding = 4; lastKnownFileType = sourcecode.c.h; name = ASIProgressDelegate.h; path = "asi-http-request/Classes/ASIProgressDelegate.h"; sourceTree = SOURCE_ROOT; };
		D9F6A12B13C225D500932CF4 /* Reachability.h */ = {isa = PBXFileReference; fileEncoding = 4; lastKnownFileType = sourcecode.c.h; name = Reachability.h; path = "asi-http-request/External/Reachability/Reachability.h"; sourceTree = SOURCE_ROOT; };
		D9F6A12C13C225D500932CF4 /* Reachability.m */ = {isa = PBXFileReference; fileEncoding = 4; lastKnownFileType = sourcecode.c.objc; name = Reachability.m; path = "asi-http-request/External/Reachability/Reachability.m"; sourceTree = SOURCE_ROOT; };
		D9F6A12E13C226CA00932CF4 /* CFNetwork.framework */ = {isa = PBXFileReference; lastKnownFileType = wrapper.framework; name = CFNetwork.framework; path = System/Library/Frameworks/CFNetwork.framework; sourceTree = SDKROOT; };
		D9F6A13013C226DB00932CF4 /* SystemConfiguration.framework */ = {isa = PBXFileReference; lastKnownFileType = wrapper.framework; name = SystemConfiguration.framework; path = System/Library/Frameworks/SystemConfiguration.framework; sourceTree = SDKROOT; };
		D9F6A13213C226E400932CF4 /* MobileCoreServices.framework */ = {isa = PBXFileReference; lastKnownFileType = wrapper.framework; name = MobileCoreServices.framework; path = System/Library/Frameworks/MobileCoreServices.framework; sourceTree = SDKROOT; };
		D9F6A13413C226F000932CF4 /* libz.1.2.5.dylib */ = {isa = PBXFileReference; lastKnownFileType = "compiled.mach-o.dylib"; name = libz.1.2.5.dylib; path = usr/lib/libz.1.2.5.dylib; sourceTree = SDKROOT; };
/* End PBXFileReference section */

/* Begin PBXFrameworksBuildPhase section */
		D989AEBC13C1D6AA003607B2 /* Frameworks */ = {
			isa = PBXFrameworksBuildPhase;
			buildActionMask = 2147483647;
			files = (
				D9F6A13513C226F000932CF4 /* libz.1.2.5.dylib in Frameworks */,
				D9F6A13313C226E400932CF4 /* MobileCoreServices.framework in Frameworks */,
				D9F6A13113C226DB00932CF4 /* SystemConfiguration.framework in Frameworks */,
				D9F6A12F13C226CA00932CF4 /* CFNetwork.framework in Frameworks */,
				D989AEC413C1D6AA003607B2 /* UIKit.framework in Frameworks */,
				D989AEC613C1D6AA003607B2 /* Foundation.framework in Frameworks */,
				D989AEC813C1D6AA003607B2 /* CoreGraphics.framework in Frameworks */,
			);
			runOnlyForDeploymentPostprocessing = 0;
		};
		D989AEDD13C1D6AB003607B2 /* Frameworks */ = {
			isa = PBXFrameworksBuildPhase;
			buildActionMask = 2147483647;
			files = (
				D989AEE313C1D6AB003607B2 /* SenTestingKit.framework in Frameworks */,
				D989AEE413C1D6AB003607B2 /* UIKit.framework in Frameworks */,
				D989AEE513C1D6AB003607B2 /* Foundation.framework in Frameworks */,
				D989AEE613C1D6AB003607B2 /* CoreGraphics.framework in Frameworks */,
			);
			runOnlyForDeploymentPostprocessing = 0;
		};
/* End PBXFrameworksBuildPhase section */

/* Begin PBXGroup section */
		D989AEB413C1D6AA003607B2 = {
			isa = PBXGroup;
			children = (
				D989AEC913C1D6AA003607B2 /* secondscreen */,
				D989AEE913C1D6AB003607B2 /* secondscreenTests */,
				D989AEC213C1D6AA003607B2 /* Frameworks */,
				D989AEC013C1D6AA003607B2 /* Products */,
			);
			sourceTree = "<group>";
		};
		D989AEC013C1D6AA003607B2 /* Products */ = {
			isa = PBXGroup;
			children = (
				D989AEBF13C1D6AA003607B2 /* secondscreen.app */,
				D989AEE113C1D6AB003607B2 /* secondscreenTests.octest */,
			);
			name = Products;
			sourceTree = "<group>";
		};
		D989AEC213C1D6AA003607B2 /* Frameworks */ = {
			isa = PBXGroup;
			children = (
				D9F6A13413C226F000932CF4 /* libz.1.2.5.dylib */,
				D9F6A13213C226E400932CF4 /* MobileCoreServices.framework */,
				D9F6A13013C226DB00932CF4 /* SystemConfiguration.framework */,
				D9F6A12E13C226CA00932CF4 /* CFNetwork.framework */,
				D989AEC313C1D6AA003607B2 /* UIKit.framework */,
				D989AEC513C1D6AA003607B2 /* Foundation.framework */,
				D989AEC713C1D6AA003607B2 /* CoreGraphics.framework */,
				D989AEE213C1D6AB003607B2 /* SenTestingKit.framework */,
			);
			name = Frameworks;
			sourceTree = "<group>";
		};
		D989AEC913C1D6AA003607B2 /* secondscreen */ = {
			isa = PBXGroup;
			children = (
				D9F6A10D13C2257C00932CF4 /* ASIHTTPRequest */,
				D907684A13C1F371001B2FAF /* secondscreen.entitlements */,
				D989AED213C1D6AB003607B2 /* secondscreenAppDelegate.h */,
				D989AED313C1D6AB003607B2 /* secondscreenAppDelegate.m */,
				D989AED513C1D6AB003607B2 /* secondscreenViewController.h */,
				D989AED713C1D6AB003607B2 /* secondscreenViewController.m */,
				D989AED913C1D6AB003607B2 /* secondscreenViewController.xib */,
				D989AECA13C1D6AA003607B2 /* Supporting Files */,
			);
			path = secondscreen;
			sourceTree = "<group>";
		};
		D989AECA13C1D6AA003607B2 /* Supporting Files */ = {
			isa = PBXGroup;
			children = (
				D989AECB13C1D6AA003607B2 /* secondscreen-Info.plist */,
				D989AECC13C1D6AA003607B2 /* InfoPlist.strings */,
				D989AECF13C1D6AA003607B2 /* main.m */,
				D989AED113C1D6AA003607B2 /* secondscreen-Prefix.pch */,
			);
			name = "Supporting Files";
			sourceTree = "<group>";
		};
		D989AEE913C1D6AB003607B2 /* secondscreenTests */ = {
			isa = PBXGroup;
			children = (
				D989AEEF13C1D6AB003607B2 /* secondscreenTests.h */,
				D989AEF113C1D6AB003607B2 /* secondscreenTests.m */,
				D989AEEA13C1D6AB003607B2 /* Supporting Files */,
			);
			path = secondscreenTests;
			sourceTree = "<group>";
		};
		D989AEEA13C1D6AB003607B2 /* Supporting Files */ = {
			isa = PBXGroup;
			children = (
				D989AEEB13C1D6AB003607B2 /* secondscreenTests-Info.plist */,
				D989AEEC13C1D6AB003607B2 /* InfoPlist.strings */,
			);
			name = "Supporting Files";
			sourceTree = "<group>";
		};
		D9F6A10D13C2257C00932CF4 /* ASIHTTPRequest */ = {
			isa = PBXGroup;
			children = (
				D9F6A10F13C225C800932CF4 /* ASIAuthenticationDialog.h */,
				D9F6A11013C225C800932CF4 /* ASIAuthenticationDialog.m */,
				D9F6A11113C225C800932CF4 /* ASICacheDelegate.h */,
				D9F6A11213C225C800932CF4 /* ASIDataCompressor.h */,
				D9F6A11313C225C800932CF4 /* ASIDataCompressor.m */,
				D9F6A11413C225C800932CF4 /* ASIDataDecompressor.h */,
				D9F6A11513C225C800932CF4 /* ASIDataDecompressor.m */,
				D9F6A11613C225C800932CF4 /* ASIDownloadCache.h */,
				D9F6A11713C225C800932CF4 /* ASIDownloadCache.m */,
				D9F6A11813C225C800932CF4 /* ASIFormDataRequest.h */,
				D9F6A11913C225C800932CF4 /* ASIFormDataRequest.m */,
				D9F6A11A13C225C800932CF4 /* ASIHTTPRequest.h */,
				D9F6A11B13C225C800932CF4 /* ASIHTTPRequest.m */,
				D9F6A11C13C225C800932CF4 /* ASIHTTPRequestConfig.h */,
				D9F6A11D13C225C800932CF4 /* ASIHTTPRequestDelegate.h */,
				D9F6A11E13C225C800932CF4 /* ASIInputStream.h */,
				D9F6A11F13C225C800932CF4 /* ASIInputStream.m */,
				D9F6A12013C225C800932CF4 /* ASINetworkQueue.h */,
				D9F6A12113C225C800932CF4 /* ASINetworkQueue.m */,
				D9F6A12213C225C800932CF4 /* ASIProgressDelegate.h */,
				D9F6A12B13C225D500932CF4 /* Reachability.h */,
				D9F6A12C13C225D500932CF4 /* Reachability.m */,
			);
			name = ASIHTTPRequest;
			sourceTree = "<group>";
		};
/* End PBXGroup section */

/* Begin PBXNativeTarget section */
		D989AEBE13C1D6AA003607B2 /* secondscreen */ = {
			isa = PBXNativeTarget;
			buildConfigurationList = D989AEF513C1D6AB003607B2 /* Build configuration list for PBXNativeTarget "secondscreen" */;
			buildPhases = (
				D989AEBB13C1D6AA003607B2 /* Sources */,
				D989AEBC13C1D6AA003607B2 /* Frameworks */,
				D989AEBD13C1D6AA003607B2 /* Resources */,
			);
			buildRules = (
			);
			dependencies = (
			);
			name = secondscreen;
			productName = secondscreen;
			productReference = D989AEBF13C1D6AA003607B2 /* secondscreen.app */;
			productType = "com.apple.product-type.application";
		};
		D989AEE013C1D6AB003607B2 /* secondscreenTests */ = {
			isa = PBXNativeTarget;
			buildConfigurationList = D989AEF813C1D6AB003607B2 /* Build configuration list for PBXNativeTarget "secondscreenTests" */;
			buildPhases = (
				D989AEDC13C1D6AB003607B2 /* Sources */,
				D989AEDD13C1D6AB003607B2 /* Frameworks */,
				D989AEDE13C1D6AB003607B2 /* Resources */,
				D989AEDF13C1D6AB003607B2 /* ShellScript */,
			);
			buildRules = (
			);
			dependencies = (
				D989AEE813C1D6AB003607B2 /* PBXTargetDependency */,
			);
			name = secondscreenTests;
			productName = secondscreenTests;
			productReference = D989AEE113C1D6AB003607B2 /* secondscreenTests.octest */;
			productType = "com.apple.product-type.bundle";
		};
/* End PBXNativeTarget section */

/* Begin PBXProject section */
		D989AEB613C1D6AA003607B2 /* Project object */ = {
			isa = PBXProject;
			attributes = {
				ORGANIZATIONNAME = "Hackdiary Ltd";
			};
			buildConfigurationList = D989AEB913C1D6AA003607B2 /* Build configuration list for PBXProject "secondscreen" */;
			compatibilityVersion = "Xcode 3.2";
			developmentRegion = English;
			hasScannedForEncodings = 0;
			knownRegions = (
				en,
			);
			mainGroup = D989AEB413C1D6AA003607B2;
			productRefGroup = D989AEC013C1D6AA003607B2 /* Products */;
			projectDirPath = "";
			projectRoot = "";
			targets = (
				D989AEBE13C1D6AA003607B2 /* secondscreen */,
				D989AEE013C1D6AB003607B2 /* secondscreenTests */,
			);
		};
/* End PBXProject section */

/* Begin PBXResourcesBuildPhase section */
		D989AEBD13C1D6AA003607B2 /* Resources */ = {
			isa = PBXResourcesBuildPhase;
			buildActionMask = 2147483647;
			files = (
				D989AECE13C1D6AA003607B2 /* InfoPlist.strings in Resources */,
				D989AED613C1D6AB003607B2 /* secondscreenViewController.h in Resources */,
				D989AEDB13C1D6AB003607B2 /* secondscreenViewController.xib in Resources */,
			);
			runOnlyForDeploymentPostprocessing = 0;
		};
		D989AEDE13C1D6AB003607B2 /* Resources */ = {
			isa = PBXResourcesBuildPhase;
			buildActionMask = 2147483647;
			files = (
				D989AEEE13C1D6AB003607B2 /* InfoPlist.strings in Resources */,
				D989AEF013C1D6AB003607B2 /* secondscreenTests.h in Resources */,
			);
			runOnlyForDeploymentPostprocessing = 0;
		};
/* End PBXResourcesBuildPhase section */

/* Begin PBXShellScriptBuildPhase section */
		D989AEDF13C1D6AB003607B2 /* ShellScript */ = {
			isa = PBXShellScriptBuildPhase;
			buildActionMask = 2147483647;
			files = (
			);
			inputPaths = (
			);
			outputPaths = (
			);
			runOnlyForDeploymentPostprocessing = 0;
			shellPath = /bin/sh;
			shellScript = "# Run the unit tests in this test bundle.\n\"${SYSTEM_DEVELOPER_DIR}/Tools/RunUnitTests\"\n";
		};
/* End PBXShellScriptBuildPhase section */

/* Begin PBXSourcesBuildPhase section */
		D989AEBB13C1D6AA003607B2 /* Sources */ = {
			isa = PBXSourcesBuildPhase;
			buildActionMask = 2147483647;
			files = (
				D989AED013C1D6AA003607B2 /* main.m in Sources */,
				D989AED413C1D6AB003607B2 /* secondscreenAppDelegate.m in Sources */,
				D989AED813C1D6AB003607B2 /* secondscreenViewController.m in Sources */,
				D9F6A12313C225C800932CF4 /* ASIAuthenticationDialog.m in Sources */,
				D9F6A12413C225C800932CF4 /* ASIDataCompressor.m in Sources */,
				D9F6A12513C225C800932CF4 /* ASIDataDecompressor.m in Sources */,
				D9F6A12613C225C800932CF4 /* ASIDownloadCache.m in Sources */,
				D9F6A12713C225C800932CF4 /* ASIFormDataRequest.m in Sources */,
				D9F6A12813C225C800932CF4 /* ASIHTTPRequest.m in Sources */,
				D9F6A12913C225C800932CF4 /* ASIInputStream.m in Sources */,
				D9F6A12A13C225C800932CF4 /* ASINetworkQueue.m in Sources */,
				D9F6A12D13C225D500932CF4 /* Reachability.m in Sources */,
			);
			runOnlyForDeploymentPostprocessing = 0;
		};
		D989AEDC13C1D6AB003607B2 /* Sources */ = {
			isa = PBXSourcesBuildPhase;
			buildActionMask = 2147483647;
			files = (
				D989AEF213C1D6AB003607B2 /* secondscreenTests.m in Sources */,
			);
			runOnlyForDeploymentPostprocessing = 0;
		};
/* End PBXSourcesBuildPhase section */

/* Begin PBXTargetDependency section */
		D989AEE813C1D6AB003607B2 /* PBXTargetDependency */ = {
			isa = PBXTargetDependency;
			target = D989AEBE13C1D6AA003607B2 /* secondscreen */;
			targetProxy = D989AEE713C1D6AB003607B2 /* PBXContainerItemProxy */;
		};
/* End PBXTargetDependency section */

/* Begin PBXVariantGroup section */
		D989AECC13C1D6AA003607B2 /* InfoPlist.strings */ = {
			isa = PBXVariantGroup;
			children = (
				D989AECD13C1D6AA003607B2 /* en */,
			);
			name = InfoPlist.strings;
			sourceTree = "<group>";
		};
		D989AED913C1D6AB003607B2 /* secondscreenViewController.xib */ = {
			isa = PBXVariantGroup;
			children = (
				D989AEDA13C1D6AB003607B2 /* en */,
			);
			name = secondscreenViewController.xib;
			sourceTree = "<group>";
		};
		D989AEEC13C1D6AB003607B2 /* InfoPlist.strings */ = {
			isa = PBXVariantGroup;
			children = (
				D989AEED13C1D6AB003607B2 /* en */,
			);
			name = InfoPlist.strings;
			sourceTree = "<group>";
		};
/* End PBXVariantGroup section */

/* Begin XCBuildConfiguration section */
		D989AEF313C1D6AB003607B2 /* Debug */ = {
			isa = XCBuildConfiguration;
			buildSettings = {
				ALWAYS_SEARCH_USER_PATHS = NO;
				ARCHS = "$(ARCHS_STANDARD_32_BIT)";
				CLANG_ENABLE_OBJC_ARC = YES;
				"CODE_SIGN_IDENTITY[sdk=iphoneos*]" = "iPhone Developer";
				COPY_PHASE_STRIP = NO;
				GCC_C_LANGUAGE_STANDARD = gnu99;
				GCC_DYNAMIC_NO_PIC = NO;
				GCC_OPTIMIZATION_LEVEL = 0;
				GCC_PREPROCESSOR_DEFINITIONS = (
					"DEBUG=1",
					"$(inherited)",
				);
				GCC_SYMBOLS_PRIVATE_EXTERN = NO;
				GCC_VERSION = com.apple.compilers.llvm.clang.1_0;
				GCC_WARN_ABOUT_MISSING_PROTOTYPES = YES;
				GCC_WARN_ABOUT_RETURN_TYPE = YES;
				GCC_WARN_UNUSED_VARIABLE = YES;
				IPHONEOS_DEPLOYMENT_TARGET = 5.0;
				SDKROOT = iphoneos;
				TARGETED_DEVICE_FAMILY = 2;
			};
			name = Debug;
		};
		D989AEF413C1D6AB003607B2 /* Release */ = {
			isa = XCBuildConfiguration;
			buildSettings = {
				ALWAYS_SEARCH_USER_PATHS = NO;
				ARCHS = "$(ARCHS_STANDARD_32_BIT)";
				CLANG_ENABLE_OBJC_ARC = YES;
				"CODE_SIGN_IDENTITY[sdk=iphoneos*]" = "iPhone Developer";
				COPY_PHASE_STRIP = YES;
				GCC_C_LANGUAGE_STANDARD = gnu99;
				GCC_VERSION = com.apple.compilers.llvm.clang.1_0;
				GCC_WARN_ABOUT_MISSING_PROTOTYPES = YES;
				GCC_WARN_ABOUT_RETURN_TYPE = YES;
				GCC_WARN_UNUSED_VARIABLE = YES;
				IPHONEOS_DEPLOYMENT_TARGET = 5.0;
				OTHER_CFLAGS = "-DNS_BLOCK_ASSERTIONS=1";
				SDKROOT = iphoneos;
				TARGETED_DEVICE_FAMILY = 2;
				VALIDATE_PRODUCT = YES;
			};
			name = Release;
		};
		D989AEF613C1D6AB003607B2 /* Debug */ = {
			isa = XCBuildConfiguration;
			buildSettings = {
				CODE_SIGN_ENTITLEMENTS = secondscreen/secondscreen.entitlements;
				GCC_PRECOMPILE_PREFIX_HEADER = YES;
				GCC_PREFIX_HEADER = "secondscreen/secondscreen-Prefix.pch";
				INFOPLIST_FILE = "secondscreen/secondscreen-Info.plist";
				IPHONEOS_DEPLOYMENT_TARGET = 4.3;
				PRODUCT_NAME = "$(TARGET_NAME)";
				WRAPPER_EXTENSION = app;
			};
			name = Debug;
		};
		D989AEF713C1D6AB003607B2 /* Release */ = {
			isa = XCBuildConfiguration;
			buildSettings = {
				CODE_SIGN_ENTITLEMENTS = secondscreen/secondscreen.entitlements;
				GCC_PRECOMPILE_PREFIX_HEADER = YES;
				GCC_PREFIX_HEADER = "secondscreen/secondscreen-Prefix.pch";
				INFOPLIST_FILE = "secondscreen/secondscreen-Info.plist";
				IPHONEOS_DEPLOYMENT_TARGET = 4.3;
				PRODUCT_NAME = "$(TARGET_NAME)";
				WRAPPER_EXTENSION = app;
			};
			name = Release;
		};
		D989AEF913C1D6AB003607B2 /* Debug */ = {
			isa = XCBuildConfiguration;
			buildSettings = {
				BUNDLE_LOADER = "$(BUILT_PRODUCTS_DIR)/secondscreen.app/secondscreen";
				FRAMEWORK_SEARCH_PATHS = (
					"$(SDKROOT)/Developer/Library/Frameworks",
					"$(DEVELOPER_LIBRARY_DIR)/Frameworks",
				);
				GCC_PRECOMPILE_PREFIX_HEADER = YES;
				GCC_PREFIX_HEADER = "secondscreen/secondscreen-Prefix.pch";
				INFOPLIST_FILE = "secondscreenTests/secondscreenTests-Info.plist";
				PRODUCT_NAME = "$(TARGET_NAME)";
				TEST_HOST = "$(BUNDLE_LOADER)";
				WRAPPER_EXTENSION = octest;
			};
			name = Debug;
		};
		D989AEFA13C1D6AB003607B2 /* Release */ = {
			isa = XCBuildConfiguration;
			buildSettings = {
				BUNDLE_LOADER = "$(BUILT_PRODUCTS_DIR)/secondscreen.app/secondscreen";
				FRAMEWORK_SEARCH_PATHS = (
					"$(SDKROOT)/Developer/Library/Frameworks",
					"$(DEVELOPER_LIBRARY_DIR)/Frameworks",
				);
				GCC_PRECOMPILE_PREFIX_HEADER = YES;
				GCC_PREFIX_HEADER = "secondscreen/secondscreen-Prefix.pch";
				INFOPLIST_FILE = "secondscreenTests/secondscreenTests-Info.plist";
				PRODUCT_NAME = "$(TARGET_NAME)";
				TEST_HOST = "$(BUNDLE_LOADER)";
				WRAPPER_EXTENSION = octest;
			};
			name = Release;
		};
/* End XCBuildConfiguration section */

/* Begin XCConfigurationList section */
		D989AEB913C1D6AA003607B2 /* Build configuration list for PBXProject "secondscreen" */ = {
			isa = XCConfigurationList;
			buildConfigurations = (
				D989AEF313C1D6AB003607B2 /* Debug */,
				D989AEF413C1D6AB003607B2 /* Release */,
			);
			defaultConfigurationIsVisible = 0;
			defaultConfigurationName = Release;
		};
		D989AEF513C1D6AB003607B2 /* Build configuration list for PBXNativeTarget "secondscreen" */ = {
			isa = XCConfigurationList;
			buildConfigurations = (
				D989AEF613C1D6AB003607B2 /* Debug */,
				D989AEF713C1D6AB003607B2 /* Release */,
			);
			defaultConfigurationIsVisible = 0;
			defaultConfigurationName = Release;
		};
		D989AEF813C1D6AB003607B2 /* Build configuration list for PBXNativeTarget "secondscreenTests" */ = {
			isa = XCConfigurationList;
			buildConfigurations = (
				D989AEF913C1D6AB003607B2 /* Debug */,
				D989AEFA13C1D6AB003607B2 /* Release */,
			);
			defaultConfigurationIsVisible = 0;
			defaultConfigurationName = Release;
		};
/* End XCConfigurationList section */
	};
	rootObject = D989AEB613C1D6AA003607B2 /* Project object */;
}
